
Microsoft Visual Studio Solution File, Format Version 12.00
# Visual Studio Version 16
VisualStudioVersion = 16.0.29519.181
MinimumVisualStudioVersion = 10.0.40219.1
Project("{FAE04EC0-301F-11D3-BF4B-00C04F79EFBC}") = "Cinema", "Cinema\Cinema.csproj", "{948F7DD3-6306-4DAD-B4B3-44FD00913699}"
EndProject
Global
	GlobalSection(SolutionConfigurationPlatforms) = preSolution
		Debug|Any CPU = Debug|Any CPU
		Release|Any CPU = Release|Any CPU
	EndGlobalSection
	GlobalSection(ProjectConfigurationPlatforms) = postSolution
		{948F7DD3-6306-4DAD-B4B3-44FD00913699}.Debug|Any CPU.ActiveCfg = Debug|Any CPU
		{948F7DD3-6306-4DAD-B4B3-44FD00913699}.Debug|Any CPU.Build.0 = Debug|Any CPU
		{948F7DD3-6306-4DAD-B4B3-44FD00913699}.Release|Any CPU.ActiveCfg = Release|Any CPU
		{948F7DD3-6306-4DAD-B4B3-44FD00913699}.Release|Any CPU.Build.0 = Release|Any CPU
	EndGlobalSection
	GlobalSection(SolutionProperties) = preSolution
		HideSolutionNode = FALSE
	EndGlobalSection
	GlobalSection(ExtensibilityGlobals) = postSolution
		SolutionGuid = {B3198F06-D770-49E7-8279-E6230FCFE887}
	EndGlobalSection
EndGlobal
